{
  "name": "action-stream",
  "lockfileVersion": 2,
  "requires": true,
  "packages": {
    "": {
      "name": "action-stream",
      "license": "MIT",
      "dependencies": {
        "multiformats": "^11.0.1"
      }
    },
    "node_modules/multiformats": {
      "version": "11.0.1",
      "resolved": "https://registry.npmjs.org/multiformats/-/multiformats-11.0.1.tgz",
      "integrity": "sha512-atWruyH34YiknSdL5yeIir00EDlJRpHzELYQxG7Iy29eCyL+VrZHpPrX5yqlik3jnuqpLpRKVZ0SGVb9UzKaSA==",
      "engines": {
        "node": ">=16.0.0",
        "npm": ">=7.0.0"
      }
    }
  },
  "dependencies": {
    "multiformats": {
      "version": "11.0.1",
      "resolved": "https://registry.npmjs.org/multiformats/-/multiformats-11.0.1.tgz",
      "integrity": "sha512-atWruyH34YiknSdL5yeIir00EDlJRpHzELYQxG7Iy29eCyL+VrZHpPrX5yqlik3jnuqpLpRKVZ0SGVb9UzKaSA=="
    }
  }
}
